
Microsoft Visual Studio Solution File, Format Version 12.00
# Visual Studio Version 17
VisualStudioVersion = 17.14.36408.4 d17.14
MinimumVisualStudioVersion = 10.0.40219.1
Project("{FAE04EC0-301F-11D3-BF4B-00C04F79EFBC}") = "address-geocode-canada-dot-net", "address-geocode-canada-dot-net\address-geocode-canada-dot-net.csproj", "{04680997-FFE9-4DA0-991D-760BCDF3A706}"
EndProject
Project("{FAE04EC0-301F-11D3-BF4B-00C04F79EFBC}") = "address-geocode-canada-dot-net-examples", "address-geocode-canada-dot-net-examples\address-geocode-canada-dot-net-examples.csproj", "{BEB520C1-353A-48B0-B018-E74D227A30D7}"
EndProject
Project("{54A90642-561A-4BB1-A94E-469ADEE60C69}") = "address-geocode-canada-nodejs", "address-geocode-canada-nodejs\address-geocode-canada-nodejs.esproj", "{D5DCE5F0-6AF0-E1E2-7569-782F577DD0DF}"
EndProject
Project("{54A90642-561A-4BB1-A94E-469ADEE60C69}") = "address-geocode-canada-nodejs-examples", "address-geocode-canada-nodejs-examples\address-geocode-canada-nodejs-examples.esproj", "{D742F1BE-D9D4-C012-B573-DD73E9589ACF}"
EndProject
Project("{888888A0-9F3D-457C-B088-3A5042F75D52}") = "address-geocode-canada-python", "address-geocode-canada-python\address-geocode-canada-python.pyproj", "{340A7B53-F5A7-4B1E-BE0C-EAC210465ACF}"
EndProject
Project("{888888A0-9F3D-457C-B088-3A5042F75D52}") = "address-geocode-canada-python-examples", "address-geocode-canada-python-examples\address-geocode-canada-python-examples.pyproj", "{CAD5DEB0-44F9-4552-8702-C0563A76189A}"
EndProject
Global
	GlobalSection(SolutionConfigurationPlatforms) = preSolution
		Debug|Any CPU = Debug|Any CPU
		Release|Any CPU = Release|Any CPU
	EndGlobalSection
	GlobalSection(ProjectConfigurationPlatforms) = postSolution
		{04680997-FFE9-4DA0-991D-760BCDF3A706}.Debug|Any CPU.ActiveCfg = Debug|Any CPU
		{04680997-FFE9-4DA0-991D-760BCDF3A706}.Debug|Any CPU.Build.0 = Debug|Any CPU
		{04680997-FFE9-4DA0-991D-760BCDF3A706}.Release|Any CPU.ActiveCfg = Release|Any CPU
		{04680997-FFE9-4DA0-991D-760BCDF3A706}.Release|Any CPU.Build.0 = Release|Any CPU
		{BEB520C1-353A-48B0-B018-E74D227A30D7}.Debug|Any CPU.ActiveCfg = Debug|Any CPU
		{BEB520C1-353A-48B0-B018-E74D227A30D7}.Debug|Any CPU.Build.0 = Debug|Any CPU
		{BEB520C1-353A-48B0-B018-E74D227A30D7}.Release|Any CPU.ActiveCfg = Release|Any CPU
		{BEB520C1-353A-48B0-B018-E74D227A30D7}.Release|Any CPU.Build.0 = Release|Any CPU
		{D5DCE5F0-6AF0-E1E2-7569-782F577DD0DF}.Debug|Any CPU.ActiveCfg = Debug|Any CPU
		{D5DCE5F0-6AF0-E1E2-7569-782F577DD0DF}.Debug|Any CPU.Build.0 = Debug|Any CPU
		{D5DCE5F0-6AF0-E1E2-7569-782F577DD0DF}.Debug|Any CPU.Deploy.0 = Debug|Any CPU
		{D5DCE5F0-6AF0-E1E2-7569-782F577DD0DF}.Release|Any CPU.ActiveCfg = Release|Any CPU
		{D5DCE5F0-6AF0-E1E2-7569-782F577DD0DF}.Release|Any CPU.Build.0 = Release|Any CPU
		{D5DCE5F0-6AF0-E1E2-7569-782F577DD0DF}.Release|Any CPU.Deploy.0 = Release|Any CPU
		{D742F1BE-D9D4-C012-B573-DD73E9589ACF}.Debug|Any CPU.ActiveCfg = Debug|Any CPU
		{D742F1BE-D9D4-C012-B573-DD73E9589ACF}.Debug|Any CPU.Build.0 = Debug|Any CPU
		{D742F1BE-D9D4-C012-B573-DD73E9589ACF}.Debug|Any CPU.Deploy.0 = Debug|Any CPU
		{D742F1BE-D9D4-C012-B573-DD73E9589ACF}.Release|Any CPU.ActiveCfg = Release|Any CPU
		{D742F1BE-D9D4-C012-B573-DD73E9589ACF}.Release|Any CPU.Build.0 = Release|Any CPU
		{D742F1BE-D9D4-C012-B573-DD73E9589ACF}.Release|Any CPU.Deploy.0 = Release|Any CPU
		{340A7B53-F5A7-4B1E-BE0C-EAC210465ACF}.Debug|Any CPU.ActiveCfg = Debug|Any CPU
		{340A7B53-F5A7-4B1E-BE0C-EAC210465ACF}.Release|Any CPU.ActiveCfg = Release|Any CPU
		{CAD5DEB0-44F9-4552-8702-C0563A76189A}.Debug|Any CPU.ActiveCfg = Debug|Any CPU
		{CAD5DEB0-44F9-4552-8702-C0563A76189A}.Release|Any CPU.ActiveCfg = Release|Any CPU
	EndGlobalSection
	GlobalSection(SolutionProperties) = preSolution
		HideSolutionNode = FALSE
	EndGlobalSection
	GlobalSection(ExtensibilityGlobals) = postSolution
		SolutionGuid = {8B34489E-8636-4D42-BDD6-049197653E7F}
	EndGlobalSection
EndGlobal
